{
    "_readme": [
        "This file locks the dependencies of your project to a known state",
        "Read more about it at https://getcomposer.org/doc/01-basic-usage.md#installing-dependencies",
        "This file is @generated automatically"
    ],
    "content-hash": "a9c83c9dac05576b17aa0f3522344853",
    "packages": [
        {
            "name": "osumionline/framework",
            "version": "9.8.5",
            "source": {
                "type": "git",
                "url": "https://github.com/osumionline/framework.git",
                "reference": "eaa71037ccb38f90b4ca152d3814dc4f48992ac5"
            },
            "dist": {
                "type": "zip",
                "url": "https://api.github.com/repos/osumionline/framework/zipball/eaa71037ccb38f90b4ca152d3814dc4f48992ac5",
                "reference": "eaa71037ccb38f90b4ca152d3814dc4f48992ac5",
                "shasum": ""
            },
            "require": {
                "ext-json": "*",
                "php": ">=8.5"
            },
            "type": "library",
            "extra": {
                "version-description": "Cambios en firma de métodos run de componentes. Nuevo pipe plain."
            },
            "autoload": {
                "psr-4": {
                    "Osumi\\OsumiFramework\\": "src/"
                }
            },
            "notification-url": "https://packagist.org/downloads/",
            "license": [
                "MIT"
            ],
            "authors": [
                {
                    "name": "Iñigo Gorosabel",
                    "homepage": "https://osumi.es",
                    "role": "Developer"
                }
            ],
            "description": "Framework PHP de Osumi para aplicaciones web.",
            "homepage": "https://github.com/osumionline/framework",
            "keywords": [
                "framework",
                "osumi",
                "php",
                "web"
            ],
            "support": {
                "issues": "https://github.com/osumionline/framework/issues",
                "source": "https://github.com/osumionline/framework/tree/v9.8.5"
            },
            "time": "2026-09-26T21:57:48+00:00"
        },
        {
            "name": "osumionline/plugin-token",
            "version": "3.0.0",
            "source": {
                "type": "git",
                "url": "https://github.com/osumionline/plugin-token.git",
                "reference": "dcc3511b01cf05258a923c5a9b331cf6bc813cde"
            },
            "dist": {
                "type": "zip",
                "url": "https://api.github.com/repos/osumionline/plugin-token/zipball/dcc3511b01cf05258a923c5a9b331cf6bc813cde",
                "reference": "dcc3511b01cf05258a923c5a9b331cf6bc813cde",
                "shasum": ""
            },
            "require": {
                "php": ">=8.2"
            },
            "type": "library",
            "autoload": {
                "psr-4": {
                    "Osumi\\OsumiFramework\\Plugins\\": "src/"
                }
            },
            "notification-url": "https://packagist.org/downloads/",
            "license": [
                "MIT"
            ],
            "description": "Plugin OToken para Osumi Framework",
            "support": {
                "issues": "https://github.com/osumionline/plugin-token/issues",
                "source": "https://github.com/osumionline/plugin-token/tree/v3.0.0"
            },
            "time": "2024-09-05T07:18:40+00:00"
        }
    ],
    "packages-dev": [],
    "aliases": [],
    "minimum-stability": "stable",
    "stability-flags": {},
    "prefer-stable": true,
    "prefer-lowest": false,
    "platform": {
        "php": ">=8.5"
    },
    "platform-dev": {},
    "plugin-api-version": "2.6.0"
}
